Microsoft Visual Studio Solution File, Format Version 11.00
# Visual Studio 2010
Project("{FAE04EC0-301F-11D3-BF4B-00C04F79EFBC}") = "aoCExport", "aoCExport.csproj", "{9D17D16F-BA81-40EB-A214-4BEB08961102}"
EndProject
Project("{FAE04EC0-301F-11D3-BF4B-00C04F79EFBC}") = "UpgradeHelpers.Utils.ReflectionHelper", "..\UpgradeSupport\UpgradeHelpers.Utils.ReflectionHelper\UpgradeHelpers.Utils.ReflectionHelper.csproj", "{9AD53694-7256-4635-AEEA-92FF88652713}"
EndProject
Project("{FAE04EC0-301F-11D3-BF4B-00C04F79EFBC}") = "UpgradeHelpers.Utils", "..\UpgradeSupport\UpgradeHelpers.Utils\UpgradeHelpers.Utils.csproj", "{1A91E8F9-BEFF-4B66-98DF-4BFEE15FA39F}"
EndProject
Project("{FAE04EC0-301F-11D3-BF4B-00C04F79EFBC}") = "UpgradeHelpers.NotUpgradeHelper", "..\UpgradeSupport\UpgradeHelpers.NotUpgradeHelper\UpgradeHelpers.NotUpgradeHelper.csproj", "{4D15E9B3-ECF3-4267-99A4-83C25FFD8EC4}"
EndProject
Project("{FAE04EC0-301F-11D3-BF4B-00C04F79EFBC}") = "UpgradeSolution1Support", "UpgradeSolution1Support\UpgradeSolution1Support.csproj", "{B5FF6168-400B-49A6-989E-3311ACE15520}"
EndProject
Project("{2150E333-8FDC-42A3-9474-1A3956D46DE8}") = "aoCExport.csproj", "aoCExport.csproj", "{0FF1839D-8A81-40B9-8D75-C1A8AA5CAF3C}"
EndProject
Project("{2150E333-8FDC-42A3-9474-1A3956D46DE8}") = "UpgradeSupport", "UpgradeSupport", "{EB04CFCC-C16E-4924-BA6A-5627B3482807}"
EndProject
Project("{2150E333-8FDC-42A3-9474-1A3956D46DE8}") = "UpgradeHelpers.Utils.ReflectionHelper", "UpgradeHelpers.Utils.ReflectionHelper", "{FCBE851C-BE45-4C97-A6F6-B6ABE54CFB97}"
EndProject
Project("{2150E333-8FDC-42A3-9474-1A3956D46DE8}") = "UpgradeHelpers.Utils", "UpgradeHelpers.Utils", "{BBBA5C95-FFE6-4CA4-89F9-6F93A542F05B}"
EndProject
Project("{2150E333-8FDC-42A3-9474-1A3956D46DE8}") = "UpgradeHelpers.NotUpgradeHelper", "UpgradeHelpers.NotUpgradeHelper", "{F5A9637A-8850-44E6-BD00-905229B904F8}"
EndProject
Project("{2150E333-8FDC-42A3-9474-1A3956D46DE8}") = "UpgradeSolution1Support", "UpgradeSolution1Support", "{AB3A4717-895D-45D2-A749-550E29B36ABD}"
EndProject
Project("{FAE04EC0-301F-11D3-BF4B-00C04F79EFBC}") = "aoCollectiionExporter", "..\aoCollectiionExporter\aoCollectiionExporter.csproj", "{F6FD79FA-459E-4E39-86E7-55AD4BD23BE8}"
EndProject
Global
	GlobalSection(SolutionConfigurationPlatforms) = preSolution
		Debug|Any CPU = Debug|Any CPU
		Debug|Mixed Platforms = Debug|Mixed Platforms
		Debug|x86 = Debug|x86
		Release|Any CPU = Release|Any CPU
		Release|Mixed Platforms = Release|Mixed Platforms
		Release|x86 = Release|x86
	EndGlobalSection
	GlobalSection(ProjectConfigurationPlatforms) = postSolution
		{9D17D16F-BA81-40EB-A214-4BEB08961102}.Debug|Any CPU.ActiveCfg = Debug|x86
		{9D17D16F-BA81-40EB-A214-4BEB08961102}.Debug|Mixed Platforms.ActiveCfg = Debug|x86
		{9D17D16F-BA81-40EB-A214-4BEB08961102}.Debug|Mixed Platforms.Build.0 = Debug|x86
		{9D17D16F-BA81-40EB-A214-4BEB08961102}.Debug|x86.ActiveCfg = Debug|x86
		{9D17D16F-BA81-40EB-A214-4BEB08961102}.Debug|x86.Build.0 = Debug|x86
		{9D17D16F-BA81-40EB-A214-4BEB08961102}.Release|Any CPU.ActiveCfg = Release|x86
		{9D17D16F-BA81-40EB-A214-4BEB08961102}.Release|Mixed Platforms.ActiveCfg = Release|x86
		{9D17D16F-BA81-40EB-A214-4BEB08961102}.Release|Mixed Platforms.Build.0 = Release|x86
		{9D17D16F-BA81-40EB-A214-4BEB08961102}.Release|x86.ActiveCfg = Release|x86
		{9D17D16F-BA81-40EB-A214-4BEB08961102}.Release|x86.Build.0 = Release|x86
		{9AD53694-7256-4635-AEEA-92FF88652713}.Debug|Any CPU.ActiveCfg = Debug|x86
		{9AD53694-7256-4635-AEEA-92FF88652713}.Debug|Mixed Platforms.ActiveCfg = Debug|x86
		{9AD53694-7256-4635-AEEA-92FF88652713}.Debug|Mixed Platforms.Build.0 = Debug|x86
		{9AD53694-7256-4635-AEEA-92FF88652713}.Debug|x86.ActiveCfg = Debug|x86
		{9AD53694-7256-4635-AEEA-92FF88652713}.Debug|x86.Build.0 = Debug|x86
		{9AD53694-7256-4635-AEEA-92FF88652713}.Release|Any CPU.ActiveCfg = Release|x86
		{9AD53694-7256-4635-AEEA-92FF88652713}.Release|Mixed Platforms.ActiveCfg = Release|x86
		{9AD53694-7256-4635-AEEA-92FF88652713}.Release|Mixed Platforms.Build.0 = Release|x86
		{9AD53694-7256-4635-AEEA-92FF88652713}.Release|x86.ActiveCfg = Release|x86
		{9AD53694-7256-4635-AEEA-92FF88652713}.Release|x86.Build.0 = Release|x86
		{1A91E8F9-BEFF-4B66-98DF-4BFEE15FA39F}.Debug|Any CPU.ActiveCfg = Debug|x86
		{1A91E8F9-BEFF-4B66-98DF-4BFEE15FA39F}.Debug|Mixed Platforms.ActiveCfg = Debug|x86
		{1A91E8F9-BEFF-4B66-98DF-4BFEE15FA39F}.Debug|Mixed Platforms.Build.0 = Debug|x86
		{1A91E8F9-BEFF-4B66-98DF-4BFEE15FA39F}.Debug|x86.ActiveCfg = Debug|x86
		{1A91E8F9-BEFF-4B66-98DF-4BFEE15FA39F}.Debug|x86.Build.0 = Debug|x86
		{1A91E8F9-BEFF-4B66-98DF-4BFEE15FA39F}.Release|Any CPU.ActiveCfg = Release|x86
		{1A91E8F9-BEFF-4B66-98DF-4BFEE15FA39F}.Release|Mixed Platforms.ActiveCfg = Release|x86
		{1A91E8F9-BEFF-4B66-98DF-4BFEE15FA39F}.Release|Mixed Platforms.Build.0 = Release|x86
		{1A91E8F9-BEFF-4B66-98DF-4BFEE15FA39F}.Release|x86.ActiveCfg = Release|x86
		{1A91E8F9-BEFF-4B66-98DF-4BFEE15FA39F}.Release|x86.Build.0 = Release|x86
		{4D15E9B3-ECF3-4267-99A4-83C25FFD8EC4}.Debug|Any CPU.ActiveCfg = Debug|x86
		{4D15E9B3-ECF3-4267-99A4-83C25FFD8EC4}.Debug|Mixed Platforms.ActiveCfg = Debug|x86
		{4D15E9B3-ECF3-4267-99A4-83C25FFD8EC4}.Debug|Mixed Platforms.Build.0 = Debug|x86
		{4D15E9B3-ECF3-4267-99A4-83C25FFD8EC4}.Debug|x86.ActiveCfg = Debug|x86
		{4D15E9B3-ECF3-4267-99A4-83C25FFD8EC4}.Debug|x86.Build.0 = Debug|x86
		{4D15E9B3-ECF3-4267-99A4-83C25FFD8EC4}.Release|Any CPU.ActiveCfg = Release|x86
		{4D15E9B3-ECF3-4267-99A4-83C25FFD8EC4}.Release|Mixed Platforms.ActiveCfg = Release|x86
		{4D15E9B3-ECF3-4267-99A4-83C25FFD8EC4}.Release|Mixed Platforms.Build.0 = Release|x86
		{4D15E9B3-ECF3-4267-99A4-83C25FFD8EC4}.Release|x86.ActiveCfg = Release|x86
		{4D15E9B3-ECF3-4267-99A4-83C25FFD8EC4}.Release|x86.Build.0 = Release|x86
		{B5FF6168-400B-49A6-989E-3311ACE15520}.Debug|Any CPU.ActiveCfg = Debug|x86
		{B5FF6168-400B-49A6-989E-3311ACE15520}.Debug|Mixed Platforms.ActiveCfg = Debug|x86
		{B5FF6168-400B-49A6-989E-3311ACE15520}.Debug|Mixed Platforms.Build.0 = Debug|x86
		{B5FF6168-400B-49A6-989E-3311ACE15520}.Debug|x86.ActiveCfg = Debug|x86
		{B5FF6168-400B-49A6-989E-3311ACE15520}.Debug|x86.Build.0 = Debug|x86
		{B5FF6168-400B-49A6-989E-3311ACE15520}.Release|Any CPU.ActiveCfg = Release|x86
		{B5FF6168-400B-49A6-989E-3311ACE15520}.Release|Mixed Platforms.ActiveCfg = Release|x86
		{B5FF6168-400B-49A6-989E-3311ACE15520}.Release|Mixed Platforms.Build.0 = Release|x86
		{B5FF6168-400B-49A6-989E-3311ACE15520}.Release|x86.ActiveCfg = Release|x86
		{B5FF6168-400B-49A6-989E-3311ACE15520}.Release|x86.Build.0 = Release|x86
		{F6FD79FA-459E-4E39-86E7-55AD4BD23BE8}.Debug|Any CPU.ActiveCfg = Debug|Any CPU
		{F6FD79FA-459E-4E39-86E7-55AD4BD23BE8}.Debug|Any CPU.Build.0 = Debug|Any CPU
		{F6FD79FA-459E-4E39-86E7-55AD4BD23BE8}.Debug|Mixed Platforms.ActiveCfg = Debug|Any CPU
		{F6FD79FA-459E-4E39-86E7-55AD4BD23BE8}.Debug|Mixed Platforms.Build.0 = Debug|Any CPU
		{F6FD79FA-459E-4E39-86E7-55AD4BD23BE8}.Debug|x86.ActiveCfg = Debug|Any CPU
		{F6FD79FA-459E-4E39-86E7-55AD4BD23BE8}.Release|Any CPU.ActiveCfg = Release|Any CPU
		{F6FD79FA-459E-4E39-86E7-55AD4BD23BE8}.Release|Any CPU.Build.0 = Release|Any CPU
		{F6FD79FA-459E-4E39-86E7-55AD4BD23BE8}.Release|Mixed Platforms.ActiveCfg = Release|Any CPU
		{F6FD79FA-459E-4E39-86E7-55AD4BD23BE8}.Release|Mixed Platforms.Build.0 = Release|Any CPU
		{F6FD79FA-459E-4E39-86E7-55AD4BD23BE8}.Release|x86.ActiveCfg = Release|Any CPU
	EndGlobalSection
	GlobalSection(SolutionProperties) = preSolution
		HideSolutionNode = FALSE
	EndGlobalSection
	GlobalSection(NestedProjects) = preSolution
		{9D17D16F-BA81-40EB-A214-4BEB08961102} = {0FF1839D-8A81-40B9-8D75-C1A8AA5CAF3C}
		{BBBA5C95-FFE6-4CA4-89F9-6F93A542F05B} = {EB04CFCC-C16E-4924-BA6A-5627B3482807}
		{F5A9637A-8850-44E6-BD00-905229B904F8} = {EB04CFCC-C16E-4924-BA6A-5627B3482807}
		{FCBE851C-BE45-4C97-A6F6-B6ABE54CFB97} = {EB04CFCC-C16E-4924-BA6A-5627B3482807}
		{1A91E8F9-BEFF-4B66-98DF-4BFEE15FA39F} = {BBBA5C95-FFE6-4CA4-89F9-6F93A542F05B}
		{4D15E9B3-ECF3-4267-99A4-83C25FFD8EC4} = {F5A9637A-8850-44E6-BD00-905229B904F8}
		{B5FF6168-400B-49A6-989E-3311ACE15520} = {AB3A4717-895D-45D2-A749-550E29B36ABD}
		{9AD53694-7256-4635-AEEA-92FF88652713} = {FCBE851C-BE45-4C97-A6F6-B6ABE54CFB97}
	EndGlobalSection
EndGlobal
